hash: 94e68443880d0619553e70b049c7d8c8093757fdc3787cbcfa6f5313d25ad4b6
updated: 2016-08-21T21:22:22.663268497+03:00
imports:
- name: github.com/Auginte/go-monitoring
  version: 4d6d3023c42cc3c554dea25416f2607de11c7134
  subpackages:
  - domain/parser
  - domain/state
  - domain/sync
  - domain/common
- name: golang.org/x/crypto
  version: b3cc7317554b3e708b116d997899e612bab100d6
  subpackages:
  - ssh
  - curve25519
  - ed25519
  - ed25519/internal/edwards25519
testImports: []
